
Microsoft Visual Studio Solution File, Format Version 12.00
# Visual Studio Version 16
VisualStudioVersion = 16.0.29519.87
MinimumVisualStudioVersion = 10.0.40219.1
Project("{FAE04EC0-301F-11D3-BF4B-00C04F79EFBC}") = "webmvc", "webmvc\webmvc.csproj", "{8776D0A1-56F1-430B-AD53-375EBFB16F9A}"
EndProject
Global
	GlobalSection(SolutionConfigurationPlatforms) = preSolution
		Debug|Any CPU = Debug|Any CPU
		Release|Any CPU = Release|Any CPU
	EndGlobalSection
	GlobalSection(ProjectConfigurationPlatforms) = postSolution
		{8776D0A1-56F1-430B-AD53-375EBFB16F9A}.Debug|Any CPU.ActiveCfg = Debug|Any CPU
		{8776D0A1-56F1-430B-AD53-375EBFB16F9A}.Debug|Any CPU.Build.0 = Debug|Any CPU
		{8776D0A1-56F1-430B-AD53-375EBFB16F9A}.Release|Any CPU.ActiveCfg = Release|Any CPU
		{8776D0A1-56F1-430B-AD53-375EBFB16F9A}.Release|Any CPU.Build.0 = Release|Any CPU
	EndGlobalSection
	GlobalSection(SolutionProperties) = preSolution
		HideSolutionNode = FALSE
	EndGlobalSection
	GlobalSection(ExtensibilityGlobals) = postSolution
		SolutionGuid = {BF8F6CA9-D62C-41EB-9AEB-F618FC2BCCBB}
	EndGlobalSection
EndGlobal
